{
  "name": "autonomous-dev-system",
  "version": "1.0.0",
  "lockfileVersion": 3,
  "requires": true,
  "packages": {
    "": {
      "name": "autonomous-dev-system",
      "version": "1.0.0",
      "license": "MIT",
      "dependencies": {
        "opencode-ai": "^1.1.53"
      },
      "engines": {
        "node": ">=20.0.0"
      }
    },
    "node_modules/opencode-ai": {
      "version": "1.1.53",
      "resolved": "https://registry.npmjs.org/opencode-ai/-/opencode-ai-1.1.53.tgz",
      "integrity": "sha512-COjsVMI9a2IwLytk6ahxygDwxDs+1/rQg9bfruRWLOG42bIWeZkNZ67AfhZDOL1lUkKHYie1ZFrPKUZ9WGAtZQ==",
      "hasInstallScript": true,
      "license": "MIT",
      "bin": {
        "opencode": "bin/opencode"
      },
      "optionalDependencies": {
        "opencode-darwin-arm64": "1.1.53",
        "opencode-darwin-x64": "1.1.53",
        "opencode-darwin-x64-baseline": "1.1.53",
        "opencode-linux-arm64": "1.1.53",
        "opencode-linux-arm64-musl": "1.1.53",
        "opencode-linux-x64": "1.1.53",
        "opencode-linux-x64-baseline": "1.1.53",
        "opencode-linux-x64-baseline-musl": "1.1.53",
        "opencode-linux-x64-musl": "1.1.53",
        "opencode-windows-x64": "1.1.53",
        "opencode-windows-x64-baseline": "1.1.53"
      }
    },
    "node_modules/opencode-darwin-arm64": {
      "version": "1.1.53",
      "resolved": "https://registry.npmjs.org/opencode-darwin-arm64/-/opencode-darwin-arm64-1.1.53.tgz",
      "integrity": "sha512-X61cD9KmvXoQ2aqc+zZWBpMMVvOZ9bFWTLNAZGC6NMZMF+rxyplpSUUccgptlytBOXwyTV7gke6vQkuV5tDMAA==",
      "cpu": [
        "arm64"
      ],
      "optional": true,
      "os": [
        "darwin"
      ]
    },
    "node_modules/opencode-darwin-x64": {
      "version": "1.1.53",
      "resolved": "https://registry.npmjs.org/opencode-darwin-x64/-/opencode-darwin-x64-1.1.53.tgz",
      "integrity": "sha512-Ql5+Ed1fLaFPGvo+b9R1grbL2+RyPpXp6nh66X0Z0eVillK876b9L+n5GWnDuGPlwhAf4ycKTYqGPfcxmGmINw==",
      "cpu": [
        "x64"
      ],
      "optional": true,
      "os": [
        "darwin"
      ]
    },
    "node_modules/opencode-darwin-x64-baseline": {
      "version": "1.1.53",
      "resolved": "https://registry.npmjs.org/opencode-darwin-x64-baseline/-/opencode-darwin-x64-baseline-1.1.53.tgz",
      "integrity": "sha512-5JZ7kR7u7xxNGRq23dKla/UCedMCYEUGtp6yf7sFHF1Oqh0aeeuBnioqTvPpeKY/4zGGdwwpEeA30hs2b9EOEg==",
      "cpu": [
        "x64"
      ],
      "optional": true,
      "os": [
        "darwin"
      ]
    },
    "node_modules/opencode-linux-arm64": {
      "version": "1.1.53",
      "resolved": "https://registry.npmjs.org/opencode-linux-arm64/-/opencode-linux-arm64-1.1.53.tgz",
      "integrity": "sha512-4HP160A3bUoIElcDYlM98U91yybbrnnC1hB7AQ86+PE+KgGcTjlxtT/n3OKf1CZOehOTzyLSNDp1ovbACl5mwQ==",
      "cpu": [
        "arm64"
      ],
      "optional": true,
      "os": [
        "linux"
      ]
    },
    "node_modules/opencode-linux-arm64-musl": {
      "version": "1.1.53",
      "resolved": "https://registry.npmjs.org/opencode-linux-arm64-musl/-/opencode-linux-arm64-musl-1.1.53.tgz",
      "integrity": "sha512-lGR0gMk4TrBgwLUZaJgbp4XPC3HvQYF6MqkoWuqoIqSNAM6X/50HVGyefcea4PQ2Pcq58Pjh7ccoy+AYAdZNBg==",
      "cpu": [
        "arm64"
      ],
      "optional": true,
      "os": [
        "linux"
      ]
    },
    "node_modules/opencode-linux-x64": {
      "version": "1.1.53",
      "resolved": "https://registry.npmjs.org/opencode-linux-x64/-/opencode-linux-x64-1.1.53.tgz",
      "integrity": "sha512-pPwMgD+w0iyoIRArrfR4AQHA8J+FkK9vBQCIKAuji/ouOVoSHkS3+0iGcoyKRH0JP9IwjyH12nk5ip8jC2ss9Q==",
      "cpu": [
        "x64"
      ],
      "optional": true,
      "os": [
        "linux"
      ]
    },
    "node_modules/opencode-linux-x64-baseline": {
      "version": "1.1.53",
      "resolved": "https://registry.npmjs.org/opencode-linux-x64-baseline/-/opencode-linux-x64-baseline-1.1.53.tgz",
      "integrity": "sha512-Kr1fi7q9BafRftS2q2yPSjR+UuJLffWw1qryCcqj6W4xzXapBfINjuPxv9iCaYg0MORVDu3Ds3c1xFaUzssvWg==",
      "cpu": [
        "x64"
      ],
      "optional": true,
      "os": [
        "linux"
      ]
    },
    "node_modules/opencode-linux-x64-baseline-musl": {
      "version": "1.1.53",
      "resolved": "https://registry.npmjs.org/opencode-linux-x64-baseline-musl/-/opencode-linux-x64-baseline-musl-1.1.53.tgz",
      "integrity": "sha512-O4x4SX0sjeeEz1Sy6qnirIUYBRFoziojtT+ac4yXdpJ+1yLK9Qu2IbO37hoVyb8Eh/CuEqQrLK/R9i8qCsqYPQ==",
      "cpu": [
        "x64"
      ],
      "optional": true,
      "os": [
        "linux"
      ]
    },
    "node_modules/opencode-linux-x64-musl": {
      "version": "1.1.53",
      "resolved": "https://registry.npmjs.org/opencode-linux-x64-musl/-/opencode-linux-x64-musl-1.1.53.tgz",
      "integrity": "sha512-S5b/a7dgS4tLG4lTHE81p7unBIW+6fM+ghHUozw1lCBgsx2oi8fDoos4+TyoYpnZgJ7m9WfL2BCc6Q7V8DDedA==",
      "cpu": [
        "x64"
      ],
      "optional": true,
      "os": [
        "linux"
      ]
    },
    "node_modules/opencode-windows-x64": {
      "version": "1.1.53",
      "resolved": "https://registry.npmjs.org/opencode-windows-x64/-/opencode-windows-x64-1.1.53.tgz",
      "integrity": "sha512-GdSZhScRi9ydb3QawwRFlaLAwd8Wvd7uizOKRVUnbDfgZPpUbMn/QAAl4JCBsBTVYn4HDHpouWzJSxJTm1VVKg==",
      "cpu": [
        "x64"
      ],
      "optional": true,
      "os": [
        "win32"
      ]
    },
    "node_modules/opencode-windows-x64-baseline": {
      "version": "1.1.53",
      "resolved": "https://registry.npmjs.org/opencode-windows-x64-baseline/-/opencode-windows-x64-baseline-1.1.53.tgz",
      "integrity": "sha512-yV32IbIfUtyOEl7VYAIB+XJ9+KCPXHE4GJt2poDwxfpFvilPlmF+xl83dcm2mcyuXj98KGTGgG7q6+OIQyO6ig==",
      "cpu": [
        "x64"
      ],
      "optional": true,
      "os": [
        "win32"
      ]
    }
  }
}
